
Microsoft Visual Studio Solution File, Format Version 12.00
# Visual Studio Version 16
VisualStudioVersion = 16.0.30503.244
MinimumVisualStudioVersion = 10.0.40219.1
Project("{8BC9CEB8-8B4A-11D0-8D11-00A0C91BC942}") = "1", "TkachenkoDmitrySPBU\WIN\1\1.vcxproj", "{51935732-7813-4E15-9FCD-FF8BF0BB8119}"
EndProject
Project("{8BC9CEB8-8B4A-11D0-8D11-00A0C91BC942}") = "2", "TkachenkoDmitrySPBU\WIN\2\2.vcxproj", "{B8581750-8867-4245-880D-CFB0BC268568}"
EndProject
Project("{8BC9CEB8-8B4A-11D0-8D11-00A0C91BC942}") = "3", "TkachenkoDmitrySPBU\WIN\3\3.vcxproj", "{B8B42F60-7FF1-4B59-A437-5804E5FAE1E1}"
EndProject
Project("{8BC9CEB8-8B4A-11D0-8D11-00A0C91BC942}") = "4", "TkachenkoDmitrySPBU\WIN\4\4.vcxproj", "{88B54F38-5DA9-4A4A-BB48-776E3B55DC87}"
EndProject
Project("{8BC9CEB8-8B4A-11D0-8D11-00A0C91BC942}") = "5", "TkachenkoDmitrySPBU\WIN\5\5.vcxproj", "{6C2574B1-2D2E-4B67-AF4F-347E4247D5BF}"
EndProject
Project("{8BC9CEB8-8B4A-11D0-8D11-00A0C91BC942}") = "6", "TkachenkoDmitrySPBU\WIN\6\6.vcxproj", "{05E51647-799E-4D5E-87FE-09E1FE27C3D0}"
EndProject
Project("{8BC9CEB8-8B4A-11D0-8D11-00A0C91BC942}") = "7", "TkachenkoDmitrySPBU\WIN\7\7.vcxproj", "{B5328A35-39EF-4434-8152-165014C4678E}"
EndProject
Project("{8BC9CEB8-8B4A-11D0-8D11-00A0C91BC942}") = "8", "TkachenkoDmitrySPBU\WIN\8\8.vcxproj", "{4C4AE166-82C1-49BB-BA63-850E4DB2931C}"
EndProject
Project("{8BC9CEB8-8B4A-11D0-8D11-00A0C91BC942}") = "9", "TkachenkoDmitrySPBU\WIN\9\9.vcxproj", "{BB105F1A-2171-442D-965F-132D91DADA2E}"
EndProject
Global
	GlobalSection(SolutionConfigurationPlatforms) = preSolution
		Debug|x64 = Debug|x64
		Debug|x86 = Debug|x86
		Release|x64 = Release|x64
		Release|x86 = Release|x86
	EndGlobalSection
	GlobalSection(ProjectConfigurationPlatforms) = postSolution
		{51935732-7813-4E15-9FCD-FF8BF0BB8119}.Debug|x64.ActiveCfg = Debug|x64
		{51935732-7813-4E15-9FCD-FF8BF0BB8119}.Debug|x64.Build.0 = Debug|x64
		{51935732-7813-4E15-9FCD-FF8BF0BB8119}.Debug|x86.ActiveCfg = Debug|Win32
		{51935732-7813-4E15-9FCD-FF8BF0BB8119}.Debug|x86.Build.0 = Debug|Win32
		{51935732-7813-4E15-9FCD-FF8BF0BB8119}.Release|x64.ActiveCfg = Release|x64
		{51935732-7813-4E15-9FCD-FF8BF0BB8119}.Release|x64.Build.0 = Release|x64
		{51935732-7813-4E15-9FCD-FF8BF0BB8119}.Release|x86.ActiveCfg = Release|Win32
		{51935732-7813-4E15-9FCD-FF8BF0BB8119}.Release|x86.Build.0 = Release|Win32
		{B8581750-8867-4245-880D-CFB0BC268568}.Debug|x64.ActiveCfg = Debug|x64
		{B8581750-8867-4245-880D-CFB0BC268568}.Debug|x64.Build.0 = Debug|x64
		{B8581750-8867-4245-880D-CFB0BC268568}.Debug|x86.ActiveCfg = Debug|Win32
		{B8581750-8867-4245-880D-CFB0BC268568}.Debug|x86.Build.0 = Debug|Win32
		{B8581750-8867-4245-880D-CFB0BC268568}.Release|x64.ActiveCfg = Release|x64
		{B8581750-8867-4245-880D-CFB0BC268568}.Release|x64.Build.0 = Release|x64
		{B8581750-8867-4245-880D-CFB0BC268568}.Release|x86.ActiveCfg = Release|Win32
		{B8581750-8867-4245-880D-CFB0BC268568}.Release|x86.Build.0 = Release|Win32
		{B8B42F60-7FF1-4B59-A437-5804E5FAE1E1}.Debug|x64.ActiveCfg = Debug|x64
		{B8B42F60-7FF1-4B59-A437-5804E5FAE1E1}.Debug|x64.Build.0 = Debug|x64
		{B8B42F60-7FF1-4B59-A437-5804E5FAE1E1}.Debug|x86.ActiveCfg = Debug|Win32
		{B8B42F60-7FF1-4B59-A437-5804E5FAE1E1}.Debug|x86.Build.0 = Debug|Win32
		{B8B42F60-7FF1-4B59-A437-5804E5FAE1E1}.Release|x64.ActiveCfg = Release|x64
		{B8B42F60-7FF1-4B59-A437-5804E5FAE1E1}.Release|x64.Build.0 = Release|x64
		{B8B42F60-7FF1-4B59-A437-5804E5FAE1E1}.Release|x86.ActiveCfg = Release|Win32
		{B8B42F60-7FF1-4B59-A437-5804E5FAE1E1}.Release|x86.Build.0 = Release|Win32
		{88B54F38-5DA9-4A4A-BB48-776E3B55DC87}.Debug|x64.ActiveCfg = Debug|x64
		{88B54F38-5DA9-4A4A-BB48-776E3B55DC87}.Debug|x64.Build.0 = Debug|x64
		{88B54F38-5DA9-4A4A-BB48-776E3B55DC87}.Debug|x86.ActiveCfg = Debug|Win32
		{88B54F38-5DA9-4A4A-BB48-776E3B55DC87}.Debug|x86.Build.0 = Debug|Win32
		{88B54F38-5DA9-4A4A-BB48-776E3B55DC87}.Release|x64.ActiveCfg = Release|x64
		{88B54F38-5DA9-4A4A-BB48-776E3B55DC87}.Release|x64.Build.0 = Release|x64
		{88B54F38-5DA9-4A4A-BB48-776E3B55DC87}.Release|x86.ActiveCfg = Release|Win32
		{88B54F38-5DA9-4A4A-BB48-776E3B55DC87}.Release|x86.Build.0 = Release|Win32
		{6C2574B1-2D2E-4B67-AF4F-347E4247D5BF}.Debug|x64.ActiveCfg = Debug|x64
		{6C2574B1-2D2E-4B67-AF4F-347E4247D5BF}.Debug|x64.Build.0 = Debug|x64
		{6C2574B1-2D2E-4B67-AF4F-347E4247D5BF}.Debug|x86.ActiveCfg = Debug|Win32
		{6C2574B1-2D2E-4B67-AF4F-347E4247D5BF}.Debug|x86.Build.0 = Debug|Win32
		{6C2574B1-2D2E-4B67-AF4F-347E4247D5BF}.Release|x64.ActiveCfg = Release|x64
		{6C2574B1-2D2E-4B67-AF4F-347E4247D5BF}.Release|x64.Build.0 = Release|x64
		{6C2574B1-2D2E-4B67-AF4F-347E4247D5BF}.Release|x86.ActiveCfg = Release|Win32
		{6C2574B1-2D2E-4B67-AF4F-347E4247D5BF}.Release|x86.Build.0 = Release|Win32
		{05E51647-799E-4D5E-87FE-09E1FE27C3D0}.Debug|x64.ActiveCfg = Debug|x64
		{05E51647-799E-4D5E-87FE-09E1FE27C3D0}.Debug|x64.Build.0 = Debug|x64
		{05E51647-799E-4D5E-87FE-09E1FE27C3D0}.Debug|x86.ActiveCfg = Debug|Win32
		{05E51647-799E-4D5E-87FE-09E1FE27C3D0}.Debug|x86.Build.0 = Debug|Win32
		{05E51647-799E-4D5E-87FE-09E1FE27C3D0}.Release|x64.ActiveCfg = Release|x64
		{05E51647-799E-4D5E-87FE-09E1FE27C3D0}.Release|x64.Build.0 = Release|x64
		{05E51647-799E-4D5E-87FE-09E1FE27C3D0}.Release|x86.ActiveCfg = Release|Win32
		{05E51647-799E-4D5E-87FE-09E1FE27C3D0}.Release|x86.Build.0 = Release|Win32
		{B5328A35-39EF-4434-8152-165014C4678E}.Debug|x64.ActiveCfg = Debug|x64
		{B5328A35-39EF-4434-8152-165014C4678E}.Debug|x64.Build.0 = Debug|x64
		{B5328A35-39EF-4434-8152-165014C4678E}.Debug|x86.ActiveCfg = Debug|Win32
		{B5328A35-39EF-4434-8152-165014C4678E}.Debug|x86.Build.0 = Debug|Win32
		{B5328A35-39EF-4434-8152-165014C4678E}.Release|x64.ActiveCfg = Release|x64
		{B5328A35-39EF-4434-8152-165014C4678E}.Release|x64.Build.0 = Release|x64
		{B5328A35-39EF-4434-8152-165014C4678E}.Release|x86.ActiveCfg = Release|Win32
		{B5328A35-39EF-4434-8152-165014C4678E}.Release|x86.Build.0 = Release|Win32
		{4C4AE166-82C1-49BB-BA63-850E4DB2931C}.Debug|x64.ActiveCfg = Debug|x64
		{4C4AE166-82C1-49BB-BA63-850E4DB2931C}.Debug|x64.Build.0 = Debug|x64
		{4C4AE166-82C1-49BB-BA63-850E4DB2931C}.Debug|x86.ActiveCfg = Debug|Win32
		{4C4AE166-82C1-49BB-BA63-850E4DB2931C}.Debug|x86.Build.0 = Debug|Win32
		{4C4AE166-82C1-49BB-BA63-850E4DB2931C}.Release|x64.ActiveCfg = Release|x64
		{4C4AE166-82C1-49BB-BA63-850E4DB2931C}.Release|x64.Build.0 = Release|x64
		{4C4AE166-82C1-49BB-BA63-850E4DB2931C}.Release|x86.ActiveCfg = Release|Win32
		{4C4AE166-82C1-49BB-BA63-850E4DB2931C}.Release|x86.Build.0 = Release|Win32
		{BB105F1A-2171-442D-965F-132D91DADA2E}.Debug|x64.ActiveCfg = Debug|x64
		{BB105F1A-2171-442D-965F-132D91DADA2E}.Debug|x64.Build.0 = Debug|x64
		{BB105F1A-2171-442D-965F-132D91DADA2E}.Debug|x86.ActiveCfg = Debug|Win32
		{BB105F1A-2171-442D-965F-132D91DADA2E}.Debug|x86.Build.0 = Debug|Win32
		{BB105F1A-2171-442D-965F-132D91DADA2E}.Release|x64.ActiveCfg = Release|x64
		{BB105F1A-2171-442D-965F-132D91DADA2E}.Release|x64.Build.0 = Release|x64
		{BB105F1A-2171-442D-965F-132D91DADA2E}.Release|x86.ActiveCfg = Release|Win32
		{BB105F1A-2171-442D-965F-132D91DADA2E}.Release|x86.Build.0 = Release|Win32
	EndGlobalSection
	GlobalSection(SolutionProperties) = preSolution
		HideSolutionNode = FALSE
	EndGlobalSection
	GlobalSection(ExtensibilityGlobals) = postSolution
		SolutionGuid = {758CBC9D-DE99-4F14-884C-ECA01765102B}
	EndGlobalSection
EndGlobal
