
Microsoft Visual Studio Solution File, Format Version 12.00
# Visual Studio Version 16
VisualStudioVersion = 16.0.30503.244
MinimumVisualStudioVersion = 10.0.40219.1
Project("{8BC9CEB8-8B4A-11D0-8D11-00A0C91BC942}") = "№1", "HomeWork2\HomeWork2.vcxproj", "{FED6BEDE-E0B4-4A14-8591-58C35A96106B}"
EndProject
Project("{8BC9CEB8-8B4A-11D0-8D11-00A0C91BC942}") = "Код Андрея П", "Код Андрея П\Код Андрея П.vcxproj", "{7790A3AA-533F-486C-87D6-D786AB7FC64E}"
EndProject
Global
	GlobalSection(SolutionConfigurationPlatforms) = preSolution
		Debug|x64 = Debug|x64
		Debug|x86 = Debug|x86
		Release|x64 = Release|x64
		Release|x86 = Release|x86
	EndGlobalSection
	GlobalSection(ProjectConfigurationPlatforms) = postSolution
		{FED6BEDE-E0B4-4A14-8591-58C35A96106B}.Debug|x64.ActiveCfg = Debug|x64
		{FED6BEDE-E0B4-4A14-8591-58C35A96106B}.Debug|x64.Build.0 = Debug|x64
		{FED6BEDE-E0B4-4A14-8591-58C35A96106B}.Debug|x86.ActiveCfg = Debug|Win32
		{FED6BEDE-E0B4-4A14-8591-58C35A96106B}.Debug|x86.Build.0 = Debug|Win32
		{FED6BEDE-E0B4-4A14-8591-58C35A96106B}.Release|x64.ActiveCfg = Release|x64
		{FED6BEDE-E0B4-4A14-8591-58C35A96106B}.Release|x64.Build.0 = Release|x64
		{FED6BEDE-E0B4-4A14-8591-58C35A96106B}.Release|x86.ActiveCfg = Release|Win32
		{FED6BEDE-E0B4-4A14-8591-58C35A96106B}.Release|x86.Build.0 = Release|Win32
		{7790A3AA-533F-486C-87D6-D786AB7FC64E}.Debug|x64.ActiveCfg = Debug|x64
		{7790A3AA-533F-486C-87D6-D786AB7FC64E}.Debug|x64.Build.0 = Debug|x64
		{7790A3AA-533F-486C-87D6-D786AB7FC64E}.Debug|x86.ActiveCfg = Debug|Win32
		{7790A3AA-533F-486C-87D6-D786AB7FC64E}.Debug|x86.Build.0 = Debug|Win32
		{7790A3AA-533F-486C-87D6-D786AB7FC64E}.Release|x64.ActiveCfg = Release|x64
		{7790A3AA-533F-486C-87D6-D786AB7FC64E}.Release|x64.Build.0 = Release|x64
		{7790A3AA-533F-486C-87D6-D786AB7FC64E}.Release|x86.ActiveCfg = Release|Win32
		{7790A3AA-533F-486C-87D6-D786AB7FC64E}.Release|x86.Build.0 = Release|Win32
	EndGlobalSection
	GlobalSection(SolutionProperties) = preSolution
		HideSolutionNode = FALSE
	EndGlobalSection
	GlobalSection(ExtensibilityGlobals) = postSolution
		SolutionGuid = {125855D5-1185-4EA2-9C3C-43EF1C3A5861}
	EndGlobalSection
EndGlobal
